{
  "version": 4,
  "terraform_version": "1.11.4",
  "serial": 17,
  "lineage": "d2222bbd-2227-aa1e-0f8c-570fc13b4a4f",
  "outputs": {
    "private_subnet_ids": {
      "value": [
        "subnet-044665a154a3744df",
        "subnet-0cb7dc3b2705adf66",
        "subnet-04e9af7408f920e81"
      ],
      "type": [
        "tuple",
        [
          "string",
          "string",
          "string"
        ]
      ]
    },
    "public_subnet_ids": {
      "value": [
        "subnet-0397cfa694a8a774f",
        "subnet-0a9592501af4369c5"
      ],
      "type": [
        "tuple",
        [
          "string",
          "string"
        ]
      ]
    },
    "rds_endpoints": {
      "value": "my-data-base.c3oegc26yc70.us-west-2.rds.amazonaws.com:3306",
      "type": "string"
    }
  },
  "resources": [
    {
      "module": "module.my-rds",
      "mode": "managed",
      "type": "aws_db_instance",
      "name": "mydb",
      "provider": "provider[\"registry.terraform.io/hashicorp/aws\"]",
      "instances": [
        {
          "schema_version": 2,
          "attributes": {
            "address": "my-data-base.c3oegc26yc70.us-west-2.rds.amazonaws.com",
            "allocated_storage": 20,
            "allow_major_version_upgrade": null,
            "apply_immediately": false,
            "arn": "arn:aws:rds:us-west-2:920372995171:db:my-data-base",
            "auto_minor_version_upgrade": true,
            "availability_zone": "us-west-2a",
            "backup_retention_period": 0,
            "backup_target": "region",
            "backup_window": "08:53-09:23",
            "blue_green_update": [],
            "ca_cert_identifier": "rds-ca-rsa2048-g1",
            "character_set_name": "",
            "copy_tags_to_snapshot": false,
            "custom_iam_instance_profile": "",
            "customer_owned_ip_enabled": false,
            "db_name": "mydb",
            "db_subnet_group_name": "rds-subnet-group",
            "dedicated_log_volume": false,
            "delete_automated_backups": true,
            "deletion_protection": false,
            "domain": "",
            "domain_auth_secret_arn": "",
            "domain_dns_ips": [],
            "domain_fqdn": "",
            "domain_iam_role_name": "",
            "domain_ou": "",
            "enabled_cloudwatch_logs_exports": [],
            "endpoint": "my-data-base.c3oegc26yc70.us-west-2.rds.amazonaws.com:3306",
            "engine": "mariadb",
            "engine_lifecycle_support": "",
            "engine_version": "11.4.4",
            "engine_version_actual": "11.4.4",
            "final_snapshot_identifier": null,
            "hosted_zone_id": "Z1PVIF0B656C1W",
            "iam_database_authentication_enabled": false,
            "id": "db-43DMUSYAT2IQERJAUGBEVU7EVQ",
            "identifier": "my-data-base",
            "identifier_prefix": "",
            "instance_class": "db.t3.micro",
            "iops": 0,
            "kms_key_id": "",
            "latest_restorable_time": "",
            "license_model": "general-public-license",
            "listener_endpoint": [],
            "maintenance_window": "sun:09:48-sun:10:18",
            "manage_master_user_password": null,
            "master_user_secret": [],
            "master_user_secret_kms_key_id": null,
            "max_allocated_storage": 0,
            "monitoring_interval": 0,
            "monitoring_role_arn": "",
            "multi_az": false,
            "nchar_character_set_name": "",
            "network_type": "IPV4",
            "option_group_name": "default:mariadb-11-4",
            "parameter_group_name": "default.mariadb11.4",
            "password": "foobarbaz",
            "performance_insights_enabled": false,
            "performance_insights_kms_key_id": "",
            "performance_insights_retention_period": 0,
            "port": 3306,
            "publicly_accessible": false,
            "replica_mode": "",
            "replicas": [],
            "replicate_source_db": "",
            "resource_id": "db-43DMUSYAT2IQERJAUGBEVU7EVQ",
            "restore_to_point_in_time": [],
            "s3_import": [],
            "skip_final_snapshot": true,
            "snapshot_identifier": null,
            "status": "available",
            "storage_encrypted": false,
            "storage_throughput": 0,
            "storage_type": "gp2",
            "tags": {
              "Env": "Dev"
            },
            "tags_all": {
              "Env": "Dev"
            },
            "timeouts": null,
            "timezone": "",
            "upgrade_storage_config": null,
            "username": "admin",
            "vpc_security_group_ids": [
              "sg-0b8d9ce983f0c8e3f"
            ]
          },
          "sensitive_attributes": [
            [
              {
                "type": "get_attr",
                "value": "password"
              }
            ]
          ],
          "private": "eyJlMmJmYjczMC1lY2FhLTExZTYtOGY4OC0zNDM2M2JjN2M0YzAiOnsiY3JlYXRlIjozMDAwMDAwMDAwMDAwLCJkZWxldGUiOjM2MDAwMDAwMDAwMDAsInVwZGF0ZSI6NDgwMDAwMDAwMDAwMH0sInNjaGVtYV92ZXJzaW9uIjoiMiJ9",
          "dependencies": [
            "module.my-rds.aws_db_subnet_group.rds_subnet_group",
            "module.my-rds.aws_security_group.rds-security-group",
            "module.myvpc1.aws_subnet.my-private-subnet",
            "module.myvpc1.aws_vpc.my-vpc"
          ]
        }
      ]
    },
    {
      "module": "module.my-rds",
      "mode": "managed",
      "type": "aws_db_subnet_group",
      "name": "rds_subnet_group",
      "provider": "provider[\"registry.terraform.io/hashicorp/aws\"]",
      "instances": [
        {
          "schema_version": 0,
          "attributes": {
            "arn": "arn:aws:rds:us-west-2:920372995171:subgrp:rds-subnet-group",
            "description": "Managed by Terraform",
            "id": "rds-subnet-group",
            "name": "rds-subnet-group",
            "name_prefix": "",
            "subnet_ids": [
              "subnet-044665a154a3744df",
              "subnet-04e9af7408f920e81",
              "subnet-0cb7dc3b2705adf66"
            ],
            "supported_network_types": [
              "IPV4"
            ],
            "tags": {
              "Env": "Dev",
              "Name": "rds-subnet-group"
            },
            "tags_all": {
              "Env": "Dev",
              "Name": "rds-subnet-group"
            },
            "vpc_id": "vpc-0463621ef8f834d65"
          },
          "sensitive_attributes": [],
          "private": "bnVsbA==",
          "dependencies": [
            "module.myvpc1.aws_subnet.my-private-subnet",
            "module.myvpc1.aws_vpc.my-vpc"
          ]
        }
      ]
    },
    {
      "module": "module.my-rds",
      "mode": "managed",
      "type": "aws_security_group",
      "name": "rds-security-group",
      "provider": "provider[\"registry.terraform.io/hashicorp/aws\"]",
      "instances": [
        {
          "schema_version": 1,
          "attributes": {
            "arn": "arn:aws:ec2:us-west-2:920372995171:security-group/sg-0b8d9ce983f0c8e3f",
            "description": "Managed by Terraform",
            "egress": [
              {
                "cidr_blocks": [
                  "0.0.0.0/0"
                ],
                "description": "",
                "from_port": 0,
                "ipv6_cidr_blocks": [],
                "prefix_list_ids": [],
                "protocol": "-1",
                "security_groups": [],
                "self": false,
                "to_port": 0
              }
            ],
            "id": "sg-0b8d9ce983f0c8e3f",
            "ingress": [
              {
                "cidr_blocks": [
                  "10.0.0.0/16"
                ],
                "description": "",
                "from_port": 3306,
                "ipv6_cidr_blocks": [],
                "prefix_list_ids": [],
                "protocol": "tcp",
                "security_groups": [],
                "self": false,
                "to_port": 3306
              }
            ],
            "name": "my-rds-security-group-3306",
            "name_prefix": "",
            "owner_id": "920372995171",
            "revoke_rules_on_delete": false,
            "tags": {
              "Env": "Dev"
            },
            "tags_all": {
              "Env": "Dev"
            },
            "timeouts": null,
            "vpc_id": "vpc-0463621ef8f834d65"
          },
          "sensitive_attributes": [],
          "private": "eyJlMmJmYjczMC1lY2FhLTExZTYtOGY4OC0zNDM2M2JjN2M0YzAiOnsiY3JlYXRlIjo2MDAwMDAwMDAwMDAsImRlbGV0ZSI6OTAwMDAwMDAwMDAwfSwic2NoZW1hX3ZlcnNpb24iOiIxIn0=",
          "dependencies": [
            "module.myvpc1.aws_vpc.my-vpc"
          ]
        }
      ]
    },
    {
      "module": "module.my-rds",
      "mode": "managed",
      "type": "aws_vpc_security_group_egress_rule",
      "name": "eggress_rule",
      "provider": "provider[\"registry.terraform.io/hashicorp/aws\"]",
      "instances": [
        {
          "schema_version": 0,
          "attributes": {
            "arn": "arn:aws:ec2:us-west-2:920372995171:security-group-rule/sgr-0cf465fae0cd299d0",
            "cidr_ipv4": "0.0.0.0/0",
            "cidr_ipv6": null,
            "description": null,
            "from_port": null,
            "id": "sgr-0cf465fae0cd299d0",
            "ip_protocol": "-1",
            "prefix_list_id": null,
            "referenced_security_group_id": null,
            "security_group_id": "sg-0b8d9ce983f0c8e3f",
            "security_group_rule_id": "sgr-0cf465fae0cd299d0",
            "tags": null,
            "tags_all": {},
            "to_port": null
          },
          "sensitive_attributes": [],
          "dependencies": [
            "module.my-rds.aws_security_group.rds-security-group",
            "module.myvpc1.aws_vpc.my-vpc"
          ]
        }
      ]
    },
    {
      "module": "module.my-rds",
      "mode": "managed",
      "type": "aws_vpc_security_group_ingress_rule",
      "name": "ingress_rule",
      "provider": "provider[\"registry.terraform.io/hashicorp/aws\"]",
      "instances": [
        {
          "schema_version": 0,
          "attributes": {
            "arn": "arn:aws:ec2:us-west-2:920372995171:security-group-rule/sgr-0409ca2fc37768cdf",
            "cidr_ipv4": "10.0.0.0/16",
            "cidr_ipv6": null,
            "description": null,
            "from_port": 3306,
            "id": "sgr-0409ca2fc37768cdf",
            "ip_protocol": "tcp",
            "prefix_list_id": null,
            "referenced_security_group_id": null,
            "security_group_id": "sg-0b8d9ce983f0c8e3f",
            "security_group_rule_id": "sgr-0409ca2fc37768cdf",
            "tags": null,
            "tags_all": {},
            "to_port": 3306
          },
          "sensitive_attributes": [],
          "dependencies": [
            "module.my-rds.aws_security_group.rds-security-group",
            "module.myvpc1.aws_vpc.my-vpc"
          ]
        }
      ]
    },
    {
      "module": "module.myvpc1",
      "mode": "managed",
      "type": "aws_internet_gateway",
      "name": "gateway",
      "provider": "provider[\"registry.terraform.io/hashicorp/aws\"]",
      "instances": [
        {
          "schema_version": 0,
          "attributes": {
            "arn": "arn:aws:ec2:us-west-2:920372995171:internet-gateway/igw-02d578a46196f8f80",
            "id": "igw-02d578a46196f8f80",
            "owner_id": "920372995171",
            "tags": {
              "Env": "Dev",
              "Name": "myvpc1_gateway_name"
            },
            "tags_all": {
              "Env": "Dev",
              "Name": "myvpc1_gateway_name"
            },
            "timeouts": null,
            "vpc_id": "vpc-0463621ef8f834d65"
          },
          "sensitive_attributes": [],
          "private": "eyJlMmJmYjczMC1lY2FhLTExZTYtOGY4OC0zNDM2M2JjN2M0YzAiOnsiY3JlYXRlIjoxMjAwMDAwMDAwMDAwLCJkZWxldGUiOjEyMDAwMDAwMDAwMDAsInVwZGF0ZSI6MTIwMDAwMDAwMDAwMH19",
          "dependencies": [
            "module.myvpc1.aws_vpc.my-vpc"
          ]
        }
      ]
    },
    {
      "module": "module.myvpc1",
      "mode": "managed",
      "type": "aws_route_table",
      "name": "my-public-routetable",
      "provider": "provider[\"registry.terraform.io/hashicorp/aws\"]",
      "instances": [
        {
          "schema_version": 0,
          "attributes": {
            "arn": "arn:aws:ec2:us-west-2:920372995171:route-table/rtb-03a5ba904695f1d25",
            "id": "rtb-03a5ba904695f1d25",
            "owner_id": "920372995171",
            "propagating_vgws": [],
            "route": [
              {
                "carrier_gateway_id": "",
                "cidr_block": "0.0.0.0/0",
                "core_network_arn": "",
                "destination_prefix_list_id": "",
                "egress_only_gateway_id": "",
                "gateway_id": "igw-02d578a46196f8f80",
                "ipv6_cidr_block": "",
                "local_gateway_id": "",
                "nat_gateway_id": "",
                "network_interface_id": "",
                "transit_gateway_id": "",
                "vpc_endpoint_id": "",
                "vpc_peering_connection_id": ""
              }
            ],
            "tags": {
              "Env": "Dev",
              "Name": "myvpc1_routetable"
            },
            "tags_all": {
              "Env": "Dev",
              "Name": "myvpc1_routetable"
            },
            "timeouts": null,
            "vpc_id": "vpc-0463621ef8f834d65"
          },
          "sensitive_attributes": [],
          "private": "eyJlMmJmYjczMC1lY2FhLTExZTYtOGY4OC0zNDM2M2JjN2M0YzAiOnsiY3JlYXRlIjozMDAwMDAwMDAwMDAsImRlbGV0ZSI6MzAwMDAwMDAwMDAwLCJ1cGRhdGUiOjEyMDAwMDAwMDAwMH19",
          "dependencies": [
            "module.myvpc1.aws_internet_gateway.gateway",
            "module.myvpc1.aws_vpc.my-vpc"
          ]
        }
      ]
    },
    {
      "module": "module.myvpc1",
      "mode": "managed",
      "type": "aws_route_table_association",
      "name": "a-public",
      "provider": "provider[\"registry.terraform.io/hashicorp/aws\"]",
      "instances": [
        {
          "index_key": "0",
          "schema_version": 0,
          "attributes": {
            "gateway_id": "",
            "id": "rtbassoc-0094b9e05859bca3e",
            "route_table_id": "rtb-03a5ba904695f1d25",
            "subnet_id": "subnet-0397cfa694a8a774f",
            "timeouts": null
          },
          "sensitive_attributes": [],
          "private": "eyJlMmJmYjczMC1lY2FhLTExZTYtOGY4OC0zNDM2M2JjN2M0YzAiOnsiY3JlYXRlIjozMDAwMDAwMDAwMDAsImRlbGV0ZSI6MzAwMDAwMDAwMDAwLCJ1cGRhdGUiOjEyMDAwMDAwMDAwMH19",
          "dependencies": [
            "module.myvpc1.aws_internet_gateway.gateway",
            "module.myvpc1.aws_route_table.my-public-routetable",
            "module.myvpc1.aws_subnet.my-public-subnet",
            "module.myvpc1.aws_vpc.my-vpc"
          ]
        },
        {
          "index_key": "1",
          "schema_version": 0,
          "attributes": {
            "gateway_id": "",
            "id": "rtbassoc-06bf1699481a9fd67",
            "route_table_id": "rtb-03a5ba904695f1d25",
            "subnet_id": "subnet-0a9592501af4369c5",
            "timeouts": null
          },
          "sensitive_attributes": [],
          "private": "eyJlMmJmYjczMC1lY2FhLTExZTYtOGY4OC0zNDM2M2JjN2M0YzAiOnsiY3JlYXRlIjozMDAwMDAwMDAwMDAsImRlbGV0ZSI6MzAwMDAwMDAwMDAwLCJ1cGRhdGUiOjEyMDAwMDAwMDAwMH19",
          "dependencies": [
            "module.myvpc1.aws_internet_gateway.gateway",
            "module.myvpc1.aws_route_table.my-public-routetable",
            "module.myvpc1.aws_subnet.my-public-subnet",
            "module.myvpc1.aws_vpc.my-vpc"
          ]
        }
      ]
    },
    {
      "module": "module.myvpc1",
      "mode": "managed",
      "type": "aws_subnet",
      "name": "my-private-subnet",
      "provider": "provider[\"registry.terraform.io/hashicorp/aws\"]",
      "instances": [
        {
          "index_key": "0",
          "schema_version": 1,
          "attributes": {
            "arn": "arn:aws:ec2:us-west-2:920372995171:subnet/subnet-044665a154a3744df",
            "assign_ipv6_address_on_creation": false,
            "availability_zone": "us-west-2a",
            "availability_zone_id": "usw2-az2",
            "cidr_block": "10.0.20.0/24",
            "customer_owned_ipv4_pool": "",
            "enable_dns64": false,
            "enable_lni_at_device_index": 0,
            "enable_resource_name_dns_a_record_on_launch": false,
            "enable_resource_name_dns_aaaa_record_on_launch": false,
            "id": "subnet-044665a154a3744df",
            "ipv6_cidr_block": "",
            "ipv6_cidr_block_association_id": "",
            "ipv6_native": false,
            "map_customer_owned_ip_on_launch": false,
            "map_public_ip_on_launch": false,
            "outpost_arn": "",
            "owner_id": "920372995171",
            "private_dns_hostname_type_on_launch": "ip-name",
            "tags": {
              "Env": "Dev",
              "Name": "private_subnet1"
            },
            "tags_all": {
              "Env": "Dev",
              "Name": "private_subnet1"
            },
            "timeouts": null,
            "vpc_id": "vpc-0463621ef8f834d65"
          },
          "sensitive_attributes": [],
          "private": "eyJlMmJmYjczMC1lY2FhLTExZTYtOGY4OC0zNDM2M2JjN2M0YzAiOnsiY3JlYXRlIjo2MDAwMDAwMDAwMDAsImRlbGV0ZSI6MTIwMDAwMDAwMDAwMH0sInNjaGVtYV92ZXJzaW9uIjoiMSJ9",
          "dependencies": [
            "module.myvpc1.aws_vpc.my-vpc"
          ]
        },
        {
          "index_key": "1",
          "schema_version": 1,
          "attributes": {
            "arn": "arn:aws:ec2:us-west-2:920372995171:subnet/subnet-0cb7dc3b2705adf66",
            "assign_ipv6_address_on_creation": false,
            "availability_zone": "us-west-2b",
            "availability_zone_id": "usw2-az1",
            "cidr_block": "10.0.30.0/24",
            "customer_owned_ipv4_pool": "",
            "enable_dns64": false,
            "enable_lni_at_device_index": 0,
            "enable_resource_name_dns_a_record_on_launch": false,
            "enable_resource_name_dns_aaaa_record_on_launch": false,
            "id": "subnet-0cb7dc3b2705adf66",
            "ipv6_cidr_block": "",
            "ipv6_cidr_block_association_id": "",
            "ipv6_native": false,
            "map_customer_owned_ip_on_launch": false,
            "map_public_ip_on_launch": false,
            "outpost_arn": "",
            "owner_id": "920372995171",
            "private_dns_hostname_type_on_launch": "ip-name",
            "tags": {
              "Env": "Dev",
              "Name": "private_subnet2"
            },
            "tags_all": {
              "Env": "Dev",
              "Name": "private_subnet2"
            },
            "timeouts": null,
            "vpc_id": "vpc-0463621ef8f834d65"
          },
          "sensitive_attributes": [],
          "private": "eyJlMmJmYjczMC1lY2FhLTExZTYtOGY4OC0zNDM2M2JjN2M0YzAiOnsiY3JlYXRlIjo2MDAwMDAwMDAwMDAsImRlbGV0ZSI6MTIwMDAwMDAwMDAwMH0sInNjaGVtYV92ZXJzaW9uIjoiMSJ9",
          "dependencies": [
            "module.myvpc1.aws_vpc.my-vpc"
          ]
        },
        {
          "index_key": "2",
          "schema_version": 1,
          "attributes": {
            "arn": "arn:aws:ec2:us-west-2:920372995171:subnet/subnet-04e9af7408f920e81",
            "assign_ipv6_address_on_creation": false,
            "availability_zone": "us-west-2b",
            "availability_zone_id": "usw2-az1",
            "cidr_block": "10.0.40.0/24",
            "customer_owned_ipv4_pool": "",
            "enable_dns64": false,
            "enable_lni_at_device_index": 0,
            "enable_resource_name_dns_a_record_on_launch": false,
            "enable_resource_name_dns_aaaa_record_on_launch": false,
            "id": "subnet-04e9af7408f920e81",
            "ipv6_cidr_block": "",
            "ipv6_cidr_block_association_id": "",
            "ipv6_native": false,
            "map_customer_owned_ip_on_launch": false,
            "map_public_ip_on_launch": false,
            "outpost_arn": "",
            "owner_id": "920372995171",
            "private_dns_hostname_type_on_launch": "ip-name",
            "tags": {
              "Env": "Dev",
              "Name": "private_subnet23"
            },
            "tags_all": {
              "Env": "Dev",
              "Name": "private_subnet23"
            },
            "timeouts": null,
            "vpc_id": "vpc-0463621ef8f834d65"
          },
          "sensitive_attributes": [],
          "private": "eyJlMmJmYjczMC1lY2FhLTExZTYtOGY4OC0zNDM2M2JjN2M0YzAiOnsiY3JlYXRlIjo2MDAwMDAwMDAwMDAsImRlbGV0ZSI6MTIwMDAwMDAwMDAwMH0sInNjaGVtYV92ZXJzaW9uIjoiMSJ9",
          "dependencies": [
            "module.myvpc1.aws_vpc.my-vpc"
          ]
        }
      ]
    },
    {
      "module": "module.myvpc1",
      "mode": "managed",
      "type": "aws_subnet",
      "name": "my-public-subnet",
      "provider": "provider[\"registry.terraform.io/hashicorp/aws\"]",
      "instances": [
        {
          "index_key": "0",
          "schema_version": 1,
          "attributes": {
            "arn": "arn:aws:ec2:us-west-2:920372995171:subnet/subnet-0397cfa694a8a774f",
            "assign_ipv6_address_on_creation": false,
            "availability_zone": "us-west-2a",
            "availability_zone_id": "usw2-az2",
            "cidr_block": "10.0.2.0/24",
            "customer_owned_ipv4_pool": "",
            "enable_dns64": false,
            "enable_lni_at_device_index": 0,
            "enable_resource_name_dns_a_record_on_launch": false,
            "enable_resource_name_dns_aaaa_record_on_launch": false,
            "id": "subnet-0397cfa694a8a774f",
            "ipv6_cidr_block": "",
            "ipv6_cidr_block_association_id": "",
            "ipv6_native": false,
            "map_customer_owned_ip_on_launch": false,
            "map_public_ip_on_launch": true,
            "outpost_arn": "",
            "owner_id": "920372995171",
            "private_dns_hostname_type_on_launch": "ip-name",
            "tags": {
              "Env": "Dev",
              "Name": "public_subnet1"
            },
            "tags_all": {
              "Env": "Dev",
              "Name": "public_subnet1"
            },
            "timeouts": null,
            "vpc_id": "vpc-0463621ef8f834d65"
          },
          "sensitive_attributes": [],
          "private": "eyJlMmJmYjczMC1lY2FhLTExZTYtOGY4OC0zNDM2M2JjN2M0YzAiOnsiY3JlYXRlIjo2MDAwMDAwMDAwMDAsImRlbGV0ZSI6MTIwMDAwMDAwMDAwMH0sInNjaGVtYV92ZXJzaW9uIjoiMSJ9",
          "dependencies": [
            "module.myvpc1.aws_vpc.my-vpc"
          ]
        },
        {
          "index_key": "1",
          "schema_version": 1,
          "attributes": {
            "arn": "arn:aws:ec2:us-west-2:920372995171:subnet/subnet-0a9592501af4369c5",
            "assign_ipv6_address_on_creation": false,
            "availability_zone": "us-west-2b",
            "availability_zone_id": "usw2-az1",
            "cidr_block": "10.0.10.0/24",
            "customer_owned_ipv4_pool": "",
            "enable_dns64": false,
            "enable_lni_at_device_index": 0,
            "enable_resource_name_dns_a_record_on_launch": false,
            "enable_resource_name_dns_aaaa_record_on_launch": false,
            "id": "subnet-0a9592501af4369c5",
            "ipv6_cidr_block": "",
            "ipv6_cidr_block_association_id": "",
            "ipv6_native": false,
            "map_customer_owned_ip_on_launch": false,
            "map_public_ip_on_launch": true,
            "outpost_arn": "",
            "owner_id": "920372995171",
            "private_dns_hostname_type_on_launch": "ip-name",
            "tags": {
              "Env": "Dev",
              "Name": "public_subnet2"
            },
            "tags_all": {
              "Env": "Dev",
              "Name": "public_subnet2"
            },
            "timeouts": null,
            "vpc_id": "vpc-0463621ef8f834d65"
          },
          "sensitive_attributes": [],
          "private": "eyJlMmJmYjczMC1lY2FhLTExZTYtOGY4OC0zNDM2M2JjN2M0YzAiOnsiY3JlYXRlIjo2MDAwMDAwMDAwMDAsImRlbGV0ZSI6MTIwMDAwMDAwMDAwMH0sInNjaGVtYV92ZXJzaW9uIjoiMSJ9",
          "dependencies": [
            "module.myvpc1.aws_vpc.my-vpc"
          ]
        }
      ]
    },
    {
      "module": "module.myvpc1",
      "mode": "managed",
      "type": "aws_vpc",
      "name": "my-vpc",
      "provider": "provider[\"registry.terraform.io/hashicorp/aws\"]",
      "instances": [
        {
          "schema_version": 1,
          "attributes": {
            "arn": "arn:aws:ec2:us-west-2:920372995171:vpc/vpc-0463621ef8f834d65",
            "assign_generated_ipv6_cidr_block": false,
            "cidr_block": "10.0.0.0/16",
            "default_network_acl_id": "acl-04177c9f3d54489a9",
            "default_route_table_id": "rtb-0b2a8f652b0b263b3",
            "default_security_group_id": "sg-09f0f7716222d1667",
            "dhcp_options_id": "dopt-0e750eb475cedc74a",
            "enable_dns_hostnames": false,
            "enable_dns_support": true,
            "enable_network_address_usage_metrics": false,
            "id": "vpc-0463621ef8f834d65",
            "instance_tenancy": "default",
            "ipv4_ipam_pool_id": null,
            "ipv4_netmask_length": null,
            "ipv6_association_id": "",
            "ipv6_cidr_block": "",
            "ipv6_cidr_block_network_border_group": "",
            "ipv6_ipam_pool_id": "",
            "ipv6_netmask_length": 0,
            "main_route_table_id": "rtb-0b2a8f652b0b263b3",
            "owner_id": "920372995171",
            "tags": {
              "Env": "Dev",
              "Name": "myvpc-1"
            },
            "tags_all": {
              "Env": "Dev",
              "Name": "myvpc-1"
            }
          },
          "sensitive_attributes": [],
          "private": "eyJzY2hlbWFfdmVyc2lvbiI6IjEifQ=="
        }
      ]
    }
  ],
  "check_results": null
}
